
Microsoft Visual Studio Solution File, Format Version 12.00
# Visual Studio Version 17
VisualStudioVersion = 17.13.35806.99 d17.13
MinimumVisualStudioVersion = 10.0.40219.1
Project("{FAE04EC0-301F-11D3-BF4B-00C04F79EFBC}") = "CloudERP", "CloudERP\CloudERP.csproj", "{824F77CA-99A9-4B2F-B2E6-B1E17BEDF506}"
EndProject
Project("{FAE04EC0-301F-11D3-BF4B-00C04F79EFBC}") = "DatabaseAccess", "DatabaseAccess\DatabaseAccess.csproj", "{99C556B4-EB46-4D8D-9CEA-6BAA89F1836D}"
EndProject
Global
	GlobalSection(SolutionConfigurationPlatforms) = preSolution
		Debug|Any CPU = Debug|Any CPU
		Release|Any CPU = Release|Any CPU
	EndGlobalSection
	GlobalSection(ProjectConfigurationPlatforms) = postSolution
		{824F77CA-99A9-4B2F-B2E6-B1E17BEDF506}.Debug|Any CPU.ActiveCfg = Debug|Any CPU
		{824F77CA-99A9-4B2F-B2E6-B1E17BEDF506}.Debug|Any CPU.Build.0 = Debug|Any CPU
		{824F77CA-99A9-4B2F-B2E6-B1E17BEDF506}.Release|Any CPU.ActiveCfg = Release|Any CPU
		{824F77CA-99A9-4B2F-B2E6-B1E17BEDF506}.Release|Any CPU.Build.0 = Release|Any CPU
		{99C556B4-EB46-4D8D-9CEA-6BAA89F1836D}.Debug|Any CPU.ActiveCfg = Debug|Any CPU
		{99C556B4-EB46-4D8D-9CEA-6BAA89F1836D}.Debug|Any CPU.Build.0 = Debug|Any CPU
		{99C556B4-EB46-4D8D-9CEA-6BAA89F1836D}.Release|Any CPU.ActiveCfg = Release|Any CPU
		{99C556B4-EB46-4D8D-9CEA-6BAA89F1836D}.Release|Any CPU.Build.0 = Release|Any CPU
	EndGlobalSection
	GlobalSection(SolutionProperties) = preSolution
		HideSolutionNode = FALSE
	EndGlobalSection
	GlobalSection(ExtensibilityGlobals) = postSolution
		SolutionGuid = {194D64B8-02F5-4B01-A1CF-175B005FBF21}
	EndGlobalSection
EndGlobal
